
Microsoft Visual Studio Solution File, Format Version 12.00
# Visual Studio Version 16
VisualStudioVersion = 16.0.29806.167
MinimumVisualStudioVersion = 10.0.40219.1
Project("{9A19103F-16F7-4668-BE54-9A1E7A4F7556}") = "InMemoryApp.Web", "InMemoryApp.Web\InMemoryApp.Web.csproj", "{1186166C-280B-4B0A-8542-4F17F49B8CB7}"
EndProject
Project("{9A19103F-16F7-4668-BE54-9A1E7A4F7556}") = "IDistributedCacheRedisApp.Web", "IDistributedCacheRedisApp.Web\IDistributedCacheRedisApp.Web.csproj", "{4356A3F1-7D38-4481-A135-1593CED859F1}"
EndProject
Project("{FAE04EC0-301F-11D3-BF4B-00C04F79EFBC}") = "RedisExchangeAPI.Web", "RedisExchangeAPI.Web\RedisExchangeAPI.Web.csproj", "{4E9FE374-A48A-421C-ACC7-E6D3A8427A2F}"
EndProject
Global
	GlobalSection(SolutionConfigurationPlatforms) = preSolution
		Debug|Any CPU = Debug|Any CPU
		Release|Any CPU = Release|Any CPU
	EndGlobalSection
	GlobalSection(ProjectConfigurationPlatforms) = postSolution
		{1186166C-280B-4B0A-8542-4F17F49B8CB7}.Debug|Any CPU.ActiveCfg = Debug|Any CPU
		{1186166C-280B-4B0A-8542-4F17F49B8CB7}.Debug|Any CPU.Build.0 = Debug|Any CPU
		{1186166C-280B-4B0A-8542-4F17F49B8CB7}.Release|Any CPU.ActiveCfg = Release|Any CPU
		{1186166C-280B-4B0A-8542-4F17F49B8CB7}.Release|Any CPU.Build.0 = Release|Any CPU
		{4356A3F1-7D38-4481-A135-1593CED859F1}.Debug|Any CPU.ActiveCfg = Debug|Any CPU
		{4356A3F1-7D38-4481-A135-1593CED859F1}.Debug|Any CPU.Build.0 = Debug|Any CPU
		{4356A3F1-7D38-4481-A135-1593CED859F1}.Release|Any CPU.ActiveCfg = Release|Any CPU
		{4356A3F1-7D38-4481-A135-1593CED859F1}.Release|Any CPU.Build.0 = Release|Any CPU
		{4E9FE374-A48A-421C-ACC7-E6D3A8427A2F}.Debug|Any CPU.ActiveCfg = Debug|Any CPU
		{4E9FE374-A48A-421C-ACC7-E6D3A8427A2F}.Debug|Any CPU.Build.0 = Debug|Any CPU
		{4E9FE374-A48A-421C-ACC7-E6D3A8427A2F}.Release|Any CPU.ActiveCfg = Release|Any CPU
		{4E9FE374-A48A-421C-ACC7-E6D3A8427A2F}.Release|Any CPU.Build.0 = Release|Any CPU
	EndGlobalSection
	GlobalSection(SolutionProperties) = preSolution
		HideSolutionNode = FALSE
	EndGlobalSection
	GlobalSection(ExtensibilityGlobals) = postSolution
		SolutionGuid = {ED533496-9040-4D64-B507-2DFC978C453A}
	EndGlobalSection
EndGlobal
